
Microsoft Visual Studio Solution File, Format Version 12.00
# Visual Studio 2012
Project("{8BC9CEB8-8B4A-11D0-8D11-00A0C91BC942}") = "c语言自学练习201903", "c语言自学练习201903\c语言自学练习201903.vcxproj", "{6B87F68A-952F-4431-9A77-C269CAD64078}"
EndProject
Global
	GlobalSection(SolutionConfigurationPlatforms) = preSolution
		Debug|Win32 = Debug|Win32
		Release|Win32 = Release|Win32
	EndGlobalSection
	GlobalSection(ProjectConfigurationPlatforms) = postSolution
		{6B87F68A-952F-4431-9A77-C269CAD64078}.Debug|Win32.ActiveCfg = Debug|Win32
		{6B87F68A-952F-4431-9A77-C269CAD64078}.Debug|Win32.Build.0 = Debug|Win32
		{6B87F68A-952F-4431-9A77-C269CAD64078}.Release|Win32.ActiveCfg = Release|Win32
		{6B87F68A-952F-4431-9A77-C269CAD64078}.Release|Win32.Build.0 = Release|Win32
	EndGlobalSection
	GlobalSection(SolutionProperties) = preSolution
		HideSolutionNode = FALSE
	EndGlobalSection
EndGlobal
